
Microsoft Visual Studio Solution File, Format Version 12.00
# Visual Studio Version 16
VisualStudioVersion = 16.0.29613.14
MinimumVisualStudioVersion = 10.0.40219.1
Project("{FAE04EC0-301F-11D3-BF4B-00C04F79EFBC}") = "CarpoolAPI", "CarpoolAPI.csproj", "{369FDCDC-DF68-4345-A952-5918E86A100F}"
EndProject
Global
	GlobalSection(SolutionConfigurationPlatforms) = preSolution
		Debug|Any CPU = Debug|Any CPU
		Release|Any CPU = Release|Any CPU
	EndGlobalSection
	GlobalSection(ProjectConfigurationPlatforms) = postSolution
		{369FDCDC-DF68-4345-A952-5918E86A100F}.Debug|Any CPU.ActiveCfg = Debug|Any CPU
		{369FDCDC-DF68-4345-A952-5918E86A100F}.Debug|Any CPU.Build.0 = Debug|Any CPU
		{369FDCDC-DF68-4345-A952-5918E86A100F}.Release|Any CPU.ActiveCfg = Release|Any CPU
		{369FDCDC-DF68-4345-A952-5918E86A100F}.Release|Any CPU.Build.0 = Release|Any CPU
	EndGlobalSection
	GlobalSection(SolutionProperties) = preSolution
		HideSolutionNode = FALSE
	EndGlobalSection
	GlobalSection(ExtensibilityGlobals) = postSolution
		SolutionGuid = {5B175E2E-546A-4331-A2DD-6B8CE69595EA}
	EndGlobalSection
EndGlobal
